
Microsoft Visual Studio Solution File, Format Version 10.00
# Visual Studio 2008
Project("{8BC9CEB8-8B4A-11D0-8D11-00A0C91BC942}") = "二叉搜索树", "二叉搜索树\二叉搜索树.vcproj", "{242CE689-59DE-4F79-A2DE-6FBFB4673619}"
EndProject
Global
	GlobalSection(SolutionConfigurationPlatforms) = preSolution
		Debug|Win32 = Debug|Win32
		Release|Win32 = Release|Win32
	EndGlobalSection
	GlobalSection(ProjectConfigurationPlatforms) = postSolution
		{242CE689-59DE-4F79-A2DE-6FBFB4673619}.Debug|Win32.ActiveCfg = Debug|Win32
		{242CE689-59DE-4F79-A2DE-6FBFB4673619}.Debug|Win32.Build.0 = Debug|Win32
		{242CE689-59DE-4F79-A2DE-6FBFB4673619}.Release|Win32.ActiveCfg = Release|Win32
		{242CE689-59DE-4F79-A2DE-6FBFB4673619}.Release|Win32.Build.0 = Release|Win32
	EndGlobalSection
	GlobalSection(SolutionProperties) = preSolution
		HideSolutionNode = FALSE
	EndGlobalSection
EndGlobal
